
Microsoft Visual Studio Solution File, Format Version 12.00
# Visual Studio Version 17
VisualStudioVersion = 17.2.32317.152
MinimumVisualStudioVersion = 10.0.40219.1
Project("{9A19103F-16F7-4668-BE54-9A1E7A4F7556}") = "Playground", "Playground.csproj", "{F14929D5-636C-453B-AD01-011CC47B8338}"
EndProject
Global
	GlobalSection(SolutionConfigurationPlatforms) = preSolution
		Debug|Any CPU = Debug|Any CPU
		Release|Any CPU = Release|Any CPU
	EndGlobalSection
	GlobalSection(ProjectConfigurationPlatforms) = postSolution
		{F14929D5-636C-453B-AD01-011CC47B8338}.Debug|Any CPU.ActiveCfg = Debug|Any CPU
		{F14929D5-636C-453B-AD01-011CC47B8338}.Debug|Any CPU.Build.0 = Debug|Any CPU
		{F14929D5-636C-453B-AD01-011CC47B8338}.Release|Any CPU.ActiveCfg = Release|Any CPU
		{F14929D5-636C-453B-AD01-011CC47B8338}.Release|Any CPU.Build.0 = Release|Any CPU
	EndGlobalSection
	GlobalSection(SolutionProperties) = preSolution
		HideSolutionNode = FALSE
	EndGlobalSection
	GlobalSection(ExtensibilityGlobals) = postSolution
		SolutionGuid = {39D23EA7-7558-4633-AF9B-52B4894E89BC}
	EndGlobalSection
EndGlobal
